// !$*UTF8*$!
{
	archiveVersion = 1;
	classes = {
	};
	objectVersion = 50;
	objects = {

/* Begin PBXBuildFile section */
		5058777024A72A8B00F5FE47 /* AppDelegate.swift in Sources */ = {isa = PBXBuildFile; fileRef = 5058776F24A72A8B00F5FE47 /* AppDelegate.swift */; };
		5058777224A72A8B00F5FE47 /* SceneDelegate.swift in Sources */ = {isa = PBXBuildFile; fileRef = 5058777124A72A8B00F5FE47 /* SceneDelegate.swift */; };
		5058777424A72A8B00F5FE47 /* ViewController.swift in Sources */ = {isa = PBXBuildFile; fileRef = 5058777324A72A8B00F5FE47 /* ViewController.swift */; };
		5058777724A72A8B00F5FE47 /* Main.storyboard in Resources */ = {isa = PBXBuildFile; fileRef = 5058777524A72A8B00F5FE47 /* Main.storyboard */; };
		5058777A24A72A8B00F5FE47 /* Test.xcdatamodeld in Sources */ = {isa = PBXBuildFile; fileRef = 5058777824A72A8B00F5FE47 /* Test.xcdatamodeld */; };
		5058777C24A72A8B00F5FE47 /* Assets.xcassets in Resources */ = {isa = PBXBuildFile; fileRef = 5058777B24A72A8B00F5FE47 /* Assets.xcassets */; };
		5058777F24A72A8B00F5FE47 /* LaunchScreen.storyboard in Resources */ = {isa = PBXBuildFile; fileRef = 5058777D24A72A8B00F5FE47 /* LaunchScreen.storyboard */; };
		5058778A24A72A8C00F5FE47 /* TestTests.swift in Sources */ = {isa = PBXBuildFile; fileRef = 5058778924A72A8C00F5FE47 /* TestTests.swift */; };
		5058779524A72A8C00F5FE47 /* TestUITests.swift in Sources */ = {isa = PBXBuildFile; fileRef = 5058779424A72A8C00F5FE47 /* TestUITests.swift */; };
		505877A324A72B6100F5FE47 /* AViewController.swift in Sources */ = {isa = PBXBuildFile; fileRef = 505877A224A72B6100F5FE47 /* AViewController.swift */; };
		505877A524A72B6D00F5FE47 /* BViewController.swift in Sources */ = {isa = PBXBuildFile; fileRef = 505877A424A72B6D00F5FE47 /* BViewController.swift */; };
/* End PBXBuildFile section */

/* Begin PBXContainerItemProxy section */
		5058778624A72A8C00F5FE47 /* PBXContainerItemProxy */ = {
			isa = PBXContainerItemProxy;
			containerPortal = 5058776424A72A8A00F5FE47 /* Project object */;
			proxyType = 1;
			remoteGlobalIDString = 5058776B24A72A8A00F5FE47;
			remoteInfo = Test;
		};
		5058779124A72A8C00F5FE47 /* PBXContainerItemProxy */ = {
			isa = PBXContainerItemProxy;
			containerPortal = 5058776424A72A8A00F5FE47 /* Project object */;
			proxyType = 1;
			remoteGlobalIDString = 5058776B24A72A8A00F5FE47;
			remoteInfo = Test;
		};
/* End PBXContainerItemProxy section */

/* Begin PBXFileReference section */
		5058776C24A72A8B00F5FE47 /* Test.app */ = {isa = PBXFileReference; explicitFileType = wrapper.application; includeInIndex = 0; path = Test.app; sourceTree = BUILT_PRODUCTS_DIR; };
		5058776F24A72A8B00F5FE47 /* AppDelegate.swift */ = {isa = PBXFileReference; lastKnownFileType = sourcecode.swift; path = AppDelegate.swift; sourceTree = "<group>"; };
		5058777124A72A8B00F5FE47 /* SceneDelegate.swift */ = {isa = PBXFileReference; lastKnownFileType = sourcecode.swift; path = SceneDelegate.swift; sourceTree = "<group>"; };
		5058777324A72A8B00F5FE47 /* ViewController.swift */ = {isa = PBXFileReference; lastKnownFileType = sourcecode.swift; path = ViewController.swift; sourceTree = "<group>"; };
		5058777624A72A8B00F5FE47 /* Base */ = {isa = PBXFileReference; lastKnownFileType = file.storyboard; name = Base; path = Base.lproj/Main.storyboard; sourceTree = "<group>"; };
		5058777924A72A8B00F5FE47 /* Test.xcdatamodel */ = {isa = PBXFileReference; lastKnownFileType = wrapper.xcdatamodel; path = Test.xcdatamodel; sourceTree = "<group>"; };
		5058777B24A72A8B00F5FE47 /* Assets.xcassets */ = {isa = PBXFileReference; lastKnownFileType = folder.assetcatalog; path = Assets.xcassets; sourceTree = "<group>"; };
		5058777E24A72A8B00F5FE47 /* Base */ = {isa = PBXFileReference; lastKnownFileType = file.storyboard; name = Base; path = Base.lproj/LaunchScreen.storyboard; sourceTree = "<group>"; };
		5058778024A72A8B00F5FE47 /* Info.plist */ = {isa = PBXFileReference; lastKnownFileType = text.plist.xml; path = Info.plist; sourceTree = "<group>"; };
		5058778524A72A8C00F5FE47 /* TestTests.xctest */ = {isa = PBXFileReference; explicitFileType = wrapper.cfbundle; includeInIndex = 0; path = TestTests.xctest; sourceTree = BUILT_PRODUCTS_DIR; };
		5058778924A72A8C00F5FE47 /* TestTests.swift */ = {isa = PBXFileReference; lastKnownFileType = sourcecode.swift; path = TestTests.swift; sourceTree = "<group>"; };
		5058778B24A72A8C00F5FE47 /* Info.plist */ = {isa = PBXFileReference; lastKnownFileType = text.plist.xml; path = Info.plist; sourceTree = "<group>"; };
		5058779024A72A8C00F5FE47 /* TestUITests.xctest */ = {isa = PBXFileReference; explicitFileType = wrapper.cfbundle; includeInIndex = 0; path = TestUITests.xctest; sourceTree = BUILT_PRODUCTS_DIR; };
		5058779424A72A8C00F5FE47 /* TestUITests.swift */ = {isa = PBXFileReference; lastKnownFileType = sourcecode.swift; path = TestUITests.swift; sourceTree = "<group>"; };
		5058779624A72A8C00F5FE47 /* Info.plist */ = {isa = PBXFileReference; lastKnownFileType = text.plist.xml; path = Info.plist; sourceTree = "<group>"; };
		505877A224A72B6100F5FE47 /* AViewController.swift */ = {isa = PBXFileReference; lastKnownFileType = sourcecode.swift; path = AViewController.swift; sourceTree = "<group>"; };
		505877A424A72B6D00F5FE47 /* BViewController.swift */ = {isa = PBXFileReference; lastKnownFileType = sourcecode.swift; path = BViewController.swift; sourceTree = "<group>"; };
/* End PBXFileReference section */

/* Begin PBXFrameworksBuildPhase section */
		5058776924A72A8A00F5FE47 /* Frameworks */ = {
			isa = PBXFrameworksBuildPhase;
			buildActionMask = 2147483647;
			files = (
			);
			runOnlyForDeploymentPostprocessing = 0;
		};
		5058778224A72A8C00F5FE47 /* Frameworks */ = {
			isa = PBXFrameworksBuildPhase;
			buildActionMask = 2147483647;
			files = (
			);
			runOnlyForDeploymentPostprocessing = 0;
		};
		5058778D24A72A8C00F5FE47 /* Frameworks */ = {
			isa = PBXFrameworksBuildPhase;
			buildActionMask = 2147483647;
			files = (
			);
			runOnlyForDeploymentPostprocessing = 0;
		};
/* End PBXFrameworksBuildPhase section */

/* Begin PBXGroup section */
		5058776324A72A8A00F5FE47 = {
			isa = PBXGroup;
			children = (
				5058776E24A72A8B00F5FE47 /* Test */,
				5058778824A72A8C00F5FE47 /* TestTests */,
				5058779324A72A8C00F5FE47 /* TestUITests */,
				5058776D24A72A8B00F5FE47 /* Products */,
			);
			sourceTree = "<group>";
		};
		5058776D24A72A8B00F5FE47 /* Products */ = {
			isa = PBXGroup;
			children = (
				5058776C24A72A8B00F5FE47 /* Test.app */,
				5058778524A72A8C00F5FE47 /* TestTests.xctest */,
				5058779024A72A8C00F5FE47 /* TestUITests.xctest */,
			);
			name = Products;
			sourceTree = "<group>";
		};
		5058776E24A72A8B00F5FE47 /* Test */ = {
			isa = PBXGroup;
			children = (
				5058776F24A72A8B00F5FE47 /* AppDelegate.swift */,
				5058777124A72A8B00F5FE47 /* SceneDelegate.swift */,
				5058777324A72A8B00F5FE47 /* ViewController.swift */,
				5058777524A72A8B00F5FE47 /* Main.storyboard */,
				5058777B24A72A8B00F5FE47 /* Assets.xcassets */,
				5058777D24A72A8B00F5FE47 /* LaunchScreen.storyboard */,
				5058778024A72A8B00F5FE47 /* Info.plist */,
				5058777824A72A8B00F5FE47 /* Test.xcdatamodeld */,
				505877A224A72B6100F5FE47 /* AViewController.swift */,
				505877A424A72B6D00F5FE47 /* BViewController.swift */,
			);
			path = Test;
			sourceTree = "<group>";
		};
		5058778824A72A8C00F5FE47 /* TestTests */ = {
			isa = PBXGroup;
			children = (
				5058778924A72A8C00F5FE47 /* TestTests.swift */,
				5058778B24A72A8C00F5FE47 /* Info.plist */,
			);
			path = TestTests;
			sourceTree = "<group>";
		};
		5058779324A72A8C00F5FE47 /* TestUITests */ = {
			isa = PBXGroup;
			children = (
				5058779424A72A8C00F5FE47 /* TestUITests.swift */,
				5058779624A72A8C00F5FE47 /* Info.plist */,
			);
			path = TestUITests;
			sourceTree = "<group>";
		};
/* End PBXGroup section */

/* Begin PBXNativeTarget section */
		5058776B24A72A8A00F5FE47 /* Test */ = {
			isa = PBXNativeTarget;
			buildConfigurationList = 5058779924A72A8C00F5FE47 /* Build configuration list for PBXNativeTarget "Test" */;
			buildPhases = (
				5058776824A72A8A00F5FE47 /* Sources */,
				5058776924A72A8A00F5FE47 /* Frameworks */,
				5058776A24A72A8A00F5FE47 /* Resources */,
			);
			buildRules = (
			);
			dependencies = (
			);
			name = Test;
			productName = Test;
			productReference = 5058776C24A72A8B00F5FE47 /* Test.app */;
			productType = "com.apple.product-type.application";
		};
		5058778424A72A8C00F5FE47 /* TestTests */ = {
			isa = PBXNativeTarget;
			buildConfigurationList = 5058779C24A72A8C00F5FE47 /* Build configuration list for PBXNativeTarget "TestTests" */;
			buildPhases = (
				5058778124A72A8C00F5FE47 /* Sources */,
				5058778224A72A8C00F5FE47 /* Frameworks */,
				5058778324A72A8C00F5FE47 /* Resources */,
			);
			buildRules = (
			);
			dependencies = (
				5058778724A72A8C00F5FE47 /* PBXTargetDependency */,
			);
			name = TestTests;
			productName = TestTests;
			productReference = 5058778524A72A8C00F5FE47 /* TestTests.xctest */;
			productType = "com.apple.product-type.bundle.unit-test";
		};
		5058778F24A72A8C00F5FE47 /* TestUITests */ = {
			isa = PBXNativeTarget;
			buildConfigurationList = 5058779F24A72A8C00F5FE47 /* Build configuration list for PBXNativeTarget "TestUITests" */;
			buildPhases = (
				5058778C24A72A8C00F5FE47 /* Sources */,
				5058778D24A72A8C00F5FE47 /* Frameworks */,
				5058778E24A72A8C00F5FE47 /* Resources */,
			);
			buildRules = (
			);
			dependencies = (
				5058779224A72A8C00F5FE47 /* PBXTargetDependency */,
			);
			name = TestUITests;
			productName = TestUITests;
			productReference = 5058779024A72A8C00F5FE47 /* TestUITests.xctest */;
			productType = "com.apple.product-type.bundle.ui-testing";
		};
/* End PBXNativeTarget section */

/* Begin PBXProject section */
		5058776424A72A8A00F5FE47 /* Project object */ = {
			isa = PBXProject;
			attributes = {
				LastSwiftUpdateCheck = 1100;
				LastUpgradeCheck = 1100;
				ORGANIZATIONNAME = "Aayush Kumar";
				TargetAttributes = {
					5058776B24A72A8A00F5FE47 = {
						CreatedOnToolsVersion = 11.0;
					};
					5058778424A72A8C00F5FE47 = {
						CreatedOnToolsVersion = 11.0;
						TestTargetID = 5058776B24A72A8A00F5FE47;
					};
					5058778F24A72A8C00F5FE47 = {
						CreatedOnToolsVersion = 11.0;
						TestTargetID = 5058776B24A72A8A00F5FE47;
					};
				};
			};
			buildConfigurationList = 5058776724A72A8A00F5FE47 /* Build configuration list for PBXProject "Test" */;
			compatibilityVersion = "Xcode 9.3";
			developmentRegion = en;
			hasScannedForEncodings = 0;
			knownRegions = (
				en,
				Base,
			);
			mainGroup = 5058776324A72A8A00F5FE47;
			productRefGroup = 5058776D24A72A8B00F5FE47 /* Products */;
			projectDirPath = "";
			projectRoot = "";
			targets = (
				5058776B24A72A8A00F5FE47 /* Test */,
				5058778424A72A8C00F5FE47 /* TestTests */,
				5058778F24A72A8C00F5FE47 /* TestUITests */,
			);
		};
/* End PBXProject section */

/* Begin PBXResourcesBuildPhase section */
		5058776A24A72A8A00F5FE47 /* Resources */ = {
			isa = PBXResourcesBuildPhase;
			buildActionMask = 2147483647;
			files = (
				5058777F24A72A8B00F5FE47 /* LaunchScreen.storyboard in Resources */,
				5058777C24A72A8B00F5FE47 /* Assets.xcassets in Resources */,
				5058777724A72A8B00F5FE47 /* Main.storyboard in Resources */,
			);
			runOnlyForDeploymentPostprocessing = 0;
		};
		5058778324A72A8C00F5FE47 /* Resources */ = {
			isa = PBXResourcesBuildPhase;
			buildActionMask = 2147483647;
			files = (
			);
			runOnlyForDeploymentPostprocessing = 0;
		};
		5058778E24A72A8C00F5FE47 /* Resources */ = {
			isa = PBXResourcesBuildPhase;
			buildActionMask = 2147483647;
			files = (
			);
			runOnlyForDeploymentPostprocessing = 0;
		};
/* End PBXResourcesBuildPhase section */

/* Begin PBXSourcesBuildPhase section */
		5058776824A72A8A00F5FE47 /* Sources */ = {
			isa = PBXSourcesBuildPhase;
			buildActionMask = 2147483647;
			files = (
				5058777424A72A8B00F5FE47 /* ViewController.swift in Sources */,
				505877A524A72B6D00F5FE47 /* BViewController.swift in Sources */,
				5058777A24A72A8B00F5FE47 /* Test.xcdatamodeld in Sources */,
				5058777024A72A8B00F5FE47 /* AppDelegate.swift in Sources */,
				5058777224A72A8B00F5FE47 /* SceneDelegate.swift in Sources */,
				505877A324A72B6100F5FE47 /* AViewController.swift in Sources */,
			);
			runOnlyForDeploymentPostprocessing = 0;
		};
		5058778124A72A8C00F5FE47 /* Sources */ = {
			isa = PBXSourcesBuildPhase;
			buildActionMask = 2147483647;
			files = (
				5058778A24A72A8C00F5FE47 /* TestTests.swift in Sources */,
			);
			runOnlyForDeploymentPostprocessing = 0;
		};
		5058778C24A72A8C00F5FE47 /* Sources */ = {
			isa = PBXSourcesBuildPhase;
			buildActionMask = 2147483647;
			files = (
				5058779524A72A8C00F5FE47 /* TestUITests.swift in Sources */,
			);
			runOnlyForDeploymentPostprocessing = 0;
		};
/* End PBXSourcesBuildPhase section */

/* Begin PBXTargetDependency section */
		5058778724A72A8C00F5FE47 /* PBXTargetDependency */ = {
			isa = PBXTargetDependency;
			target = 5058776B24A72A8A00F5FE47 /* Test */;
			targetProxy = 5058778624A72A8C00F5FE47 /* PBXContainerItemProxy */;
		};
		5058779224A72A8C00F5FE47 /* PBXTargetDependency */ = {
			isa = PBXTargetDependency;
			target = 5058776B24A72A8A00F5FE47 /* Test */;
			targetProxy = 5058779124A72A8C00F5FE47 /* PBXContainerItemProxy */;
		};
/* End PBXTargetDependency section */

/* Begin PBXVariantGroup section */
		5058777524A72A8B00F5FE47 /* Main.storyboard */ = {
			isa = PBXVariantGroup;
			children = (
				5058777624A72A8B00F5FE47 /* Base */,
			);
			name = Main.storyboard;
			sourceTree = "<group>";
		};
		5058777D24A72A8B00F5FE47 /* LaunchScreen.storyboard */ = {
			isa = PBXVariantGroup;
			children = (
				5058777E24A72A8B00F5FE47 /* Base */,
			);
			name = LaunchScreen.storyboard;
			sourceTree = "<group>";
		};
/* End PBXVariantGroup section */

/* Begin XCBuildConfiguration section */
		5058779724A72A8C00F5FE47 /* Debug */ = {
			isa = XCBuildConfiguration;
			buildSettings = {
				ALWAYS_SEARCH_USER_PATHS = NO;
				CLANG_ANALYZER_NONNULL = YES;
				CLANG_ANALYZER_NUMBER_OBJECT_CONVERSION = YES_AGGRESSIVE;
				CLANG_CXX_LANGUAGE_STANDARD = "gnu++14";
				CLANG_CXX_LIBRARY = "libc++";
				CLANG_ENABLE_MODULES = YES;
				CLANG_ENABLE_OBJC_ARC = YES;
				CLANG_ENABLE_OBJC_WEAK = YES;
				CLANG_WARN_BLOCK_CAPTURE_AUTORELEASING = YES;
				CLANG_WARN_BOOL_CONVERSION = YES;
				CLANG_WARN_COMMA = YES;
				CLANG_WARN_CONSTANT_CONVERSION = YES;
				CLANG_WARN_DEPRECATED_OBJC_IMPLEMENTATIONS = YES;
				CLANG_WARN_DIRECT_OBJC_ISA_USAGE = YES_ERROR;
				CLANG_WARN_DOCUMENTATION_COMMENTS = YES;
				CLANG_WARN_EMPTY_BODY = YES;
				CLANG_WARN_ENUM_CONVERSION = YES;
				CLANG_WARN_INFINITE_RECURSION = YES;
				CLANG_WARN_INT_CONVERSION = YES;
				CLANG_WARN_NON_LITERAL_NULL_CONVERSION = YES;
				CLANG_WARN_OBJC_IMPLICIT_RETAIN_SELF = YES;
				CLANG_WARN_OBJC_LITERAL_CONVERSION = YES;
				CLANG_WARN_OBJC_ROOT_CLASS = YES_ERROR;
				CLANG_WARN_RANGE_LOOP_ANALYSIS = YES;
				CLANG_WARN_STRICT_PROTOTYPES = YES;
				CLANG_WARN_SUSPICIOUS_MOVE = YES;
				CLANG_WARN_UNGUARDED_AVAILABILITY = YES_AGGRESSIVE;
				CLANG_WARN_UNREACHABLE_CODE = YES;
				CLANG_WARN__DUPLICATE_METHOD_MATCH = YES;
				COPY_PHASE_STRIP = NO;
				DEBUG_INFORMATION_FORMAT = dwarf;
				ENABLE_STRICT_OBJC_MSGSEND = YES;
				ENABLE_TESTABILITY = YES;
				GCC_C_LANGUAGE_STANDARD = gnu11;
				GCC_DYNAMIC_NO_PIC = NO;
				GCC_NO_COMMON_BLOCKS = YES;
				GCC_OPTIMIZATION_LEVEL = 0;
				GCC_PREPROCESSOR_DEFINITIONS = (
					"DEBUG=1",
					"$(inherited)",
				);
				GCC_WARN_64_TO_32_BIT_CONVERSION = YES;
				GCC_WARN_ABOUT_RETURN_TYPE = YES_ERROR;
				GCC_WARN_UNDECLARED_SELECTOR = YES;
				GCC_WARN_UNINITIALIZED_AUTOS = YES_AGGRESSIVE;
				GCC_WARN_UNUSED_FUNCTION = YES;
				GCC_WARN_UNUSED_VARIABLE = YES;
				IPHONEOS_DEPLOYMENT_TARGET = 13.0;
				MTL_ENABLE_DEBUG_INFO = INCLUDE_SOURCE;
				MTL_FAST_MATH = YES;
				ONLY_ACTIVE_ARCH = YES;
				SDKROOT = iphoneos;
				SWIFT_ACTIVE_COMPILATION_CONDITIONS = DEBUG;
				SWIFT_OPTIMIZATION_LEVEL = "-Onone";
			};
			name = Debug;
		};
		5058779824A72A8C00F5FE47 /* Release */ = {
			isa = XCBuildConfiguration;
			buildSettings = {
				ALWAYS_SEARCH_USER_PATHS = NO;
				CLANG_ANALYZER_NONNULL = YES;
				CLANG_ANALYZER_NUMBER_OBJECT_CONVERSION = YES_AGGRESSIVE;
				CLANG_CXX_LANGUAGE_STANDARD = "gnu++14";
				CLANG_CXX_LIBRARY = "libc++";
				CLANG_ENABLE_MODULES = YES;
				CLANG_ENABLE_OBJC_ARC = YES;
				CLANG_ENABLE_OBJC_WEAK = YES;
				CLANG_WARN_BLOCK_CAPTURE_AUTORELEASING = YES;
				CLANG_WARN_BOOL_CONVERSION = YES;
				CLANG_WARN_COMMA = YES;
				CLANG_WARN_CONSTANT_CONVERSION = YES;
				CLANG_WARN_DEPRECATED_OBJC_IMPLEMENTATIONS = YES;
				CLANG_WARN_DIRECT_OBJC_ISA_USAGE = YES_ERROR;
				CLANG_WARN_DOCUMENTATION_COMMENTS = YES;
				CLANG_WARN_EMPTY_BODY = YES;
				CLANG_WARN_ENUM_CONVERSION = YES;
				CLANG_WARN_INFINITE_RECURSION = YES;
				CLANG_WARN_INT_CONVERSION = YES;
				CLANG_WARN_NON_LITERAL_NULL_CONVERSION = YES;
				CLANG_WARN_OBJC_IMPLICIT_RETAIN_SELF = YES;
				CLANG_WARN_OBJC_LITERAL_CONVERSION = YES;
				CLANG_WARN_OBJC_ROOT_CLASS = YES_ERROR;
				CLANG_WARN_RANGE_LOOP_ANALYSIS = YES;
				CLANG_WARN_STRICT_PROTOTYPES = YES;
				CLANG_WARN_SUSPICIOUS_MOVE = YES;
				CLANG_WARN_UNGUARDED_AVAILABILITY = YES_AGGRESSIVE;
				CLANG_WARN_UNREACHABLE_CODE = YES;
				CLANG_WARN__DUPLICATE_METHOD_MATCH = YES;
				COPY_PHASE_STRIP = NO;
				DEBUG_INFORMATION_FORMAT = "dwarf-with-dsym";
				ENABLE_NS_ASSERTIONS = NO;
				ENABLE_STRICT_OBJC_MSGSEND = YES;
				GCC_C_LANGUAGE_STANDARD = gnu11;
				GCC_NO_COMMON_BLOCKS = YES;
				GCC_WARN_64_TO_32_BIT_CONVERSION = YES;
				GCC_WARN_ABOUT_RETURN_TYPE = YES_ERROR;
				GCC_WARN_UNDECLARED_SELECTOR = YES;
				GCC_WARN_UNINITIALIZED_AUTOS = YES_AGGRESSIVE;
				GCC_WARN_UNUSED_FUNCTION = YES;
				GCC_WARN_UNUSED_VARIABLE = YES;
				IPHONEOS_DEPLOYMENT_TARGET = 13.0;
				MTL_ENABLE_DEBUG_INFO = NO;
				MTL_FAST_MATH = YES;
				SDKROOT = iphoneos;
				SWIFT_COMPILATION_MODE = wholemodule;
				SWIFT_OPTIMIZATION_LEVEL = "-O";
				VALIDATE_PRODUCT = YES;
			};
			name = Release;
		};
		5058779A24A72A8C00F5FE47 /* Debug */ = {
			isa = XCBuildConfiguration;
			buildSettings = {
				ASSETCATALOG_COMPILER_APPICON_NAME = AppIcon;
				CODE_SIGN_STYLE = Automatic;
				DEVELOPMENT_TEAM = 52NJKG54T7;
				INFOPLIST_FILE = Test/Info.plist;
				LD_RUNPATH_SEARCH_PATHS = (
					"$(inherited)",
					"@executable_path/Frameworks",
				);
				PRODUCT_BUNDLE_IDENTIFIER = com.aayush.Test.Test;
				PRODUCT_NAME = "$(TARGET_NAME)";
				SWIFT_VERSION = 5.0;
				TARGETED_DEVICE_FAMILY = "1,2";
			};
			name = Debug;
		};
		5058779B24A72A8C00F5FE47 /* Release */ = {
			isa = XCBuildConfiguration;
			buildSettings = {
				ASSETCATALOG_COMPILER_APPICON_NAME = AppIcon;
				CODE_SIGN_STYLE = Automatic;
				DEVELOPMENT_TEAM = 52NJKG54T7;
				INFOPLIST_FILE = Test/Info.plist;
				LD_RUNPATH_SEARCH_PATHS = (
					"$(inherited)",
					"@executable_path/Frameworks",
				);
				PRODUCT_BUNDLE_IDENTIFIER = com.aayush.Test.Test;
				PRODUCT_NAME = "$(TARGET_NAME)";
				SWIFT_VERSION = 5.0;
				TARGETED_DEVICE_FAMILY = "1,2";
			};
			name = Release;
		};
		5058779D24A72A8C00F5FE47 /* Debug */ = {
			isa = XCBuildConfiguration;
			buildSettings = {
				ALWAYS_EMBED_SWIFT_STANDARD_LIBRARIES = YES;
				BUNDLE_LOADER = "$(TEST_HOST)";
				CODE_SIGN_STYLE = Automatic;
				DEVELOPMENT_TEAM = 52NJKG54T7;
				INFOPLIST_FILE = TestTests/Info.plist;
				IPHONEOS_DEPLOYMENT_TARGET = 13.0;
				LD_RUNPATH_SEARCH_PATHS = (
					"$(inherited)",
					"@executable_path/Frameworks",
					"@loader_path/Frameworks",
				);
				PRODUCT_BUNDLE_IDENTIFIER = com.aayush.Test.TestTests;
				PRODUCT_NAME = "$(TARGET_NAME)";
				SWIFT_VERSION = 5.0;
				TARGETED_DEVICE_FAMILY = "1,2";
				TEST_HOST = "$(BUILT_PRODUCTS_DIR)/Test.app/Test";
			};
			name = Debug;
		};
		5058779E24A72A8C00F5FE47 /* Release */ = {
			isa = XCBuildConfiguration;
			buildSettings = {
				ALWAYS_EMBED_SWIFT_STANDARD_LIBRARIES = YES;
				BUNDLE_LOADER = "$(TEST_HOST)";
				CODE_SIGN_STYLE = Automatic;
				DEVELOPMENT_TEAM = 52NJKG54T7;
				INFOPLIST_FILE = TestTests/Info.plist;
				IPHONEOS_DEPLOYMENT_TARGET = 13.0;
				LD_RUNPATH_SEARCH_PATHS = (
					"$(inherited)",
					"@executable_path/Frameworks",
					"@loader_path/Frameworks",
				);
				PRODUCT_BUNDLE_IDENTIFIER = com.aayush.Test.TestTests;
				PRODUCT_NAME = "$(TARGET_NAME)";
				SWIFT_VERSION = 5.0;
				TARGETED_DEVICE_FAMILY = "1,2";
				TEST_HOST = "$(BUILT_PRODUCTS_DIR)/Test.app/Test";
			};
			name = Release;
		};
		505877A024A72A8C00F5FE47 /* Debug */ = {
			isa = XCBuildConfiguration;
			buildSettings = {
				ALWAYS_EMBED_SWIFT_STANDARD_LIBRARIES = YES;
				CODE_SIGN_STYLE = Automatic;
				DEVELOPMENT_TEAM = 52NJKG54T7;
				INFOPLIST_FILE = TestUITests/Info.plist;
				LD_RUNPATH_SEARCH_PATHS = (
					"$(inherited)",
					"@executable_path/Frameworks",
					"@loader_path/Frameworks",
				);
				PRODUCT_BUNDLE_IDENTIFIER = com.aayush.Test.TestUITests;
				PRODUCT_NAME = "$(TARGET_NAME)";
				SWIFT_VERSION = 5.0;
				TARGETED_DEVICE_FAMILY = "1,2";
				TEST_TARGET_NAME = Test;
			};
			name = Debug;
		};
		505877A124A72A8C00F5FE47 /* Release */ = {
			isa = XCBuildConfiguration;
			buildSettings = {
				ALWAYS_EMBED_SWIFT_STANDARD_LIBRARIES = YES;
				CODE_SIGN_STYLE = Automatic;
				DEVELOPMENT_TEAM = 52NJKG54T7;
				INFOPLIST_FILE = TestUITests/Info.plist;
				LD_RUNPATH_SEARCH_PATHS = (
					"$(inherited)",
					"@executable_path/Frameworks",
					"@loader_path/Frameworks",
				);
				PRODUCT_BUNDLE_IDENTIFIER = com.aayush.Test.TestUITests;
				PRODUCT_NAME = "$(TARGET_NAME)";
				SWIFT_VERSION = 5.0;
				TARGETED_DEVICE_FAMILY = "1,2";
				TEST_TARGET_NAME = Test;
			};
			name = Release;
		};
/* End XCBuildConfiguration section */

/* Begin XCConfigurationList section */
		5058776724A72A8A00F5FE47 /* Build configuration list for PBXProject "Test" */ = {
			isa = XCConfigurationList;
			buildConfigurations = (
				5058779724A72A8C00F5FE47 /* Debug */,
				5058779824A72A8C00F5FE47 /* Release */,
			);
			defaultConfigurationIsVisible = 0;
			defaultConfigurationName = Release;
		};
		5058779924A72A8C00F5FE47 /* Build configuration list for PBXNativeTarget "Test" */ = {
			isa = XCConfigurationList;
			buildConfigurations = (
				5058779A24A72A8C00F5FE47 /* Debug */,
				5058779B24A72A8C00F5FE47 /* Release */,
			);
			defaultConfigurationIsVisible = 0;
			defaultConfigurationName = Release;
		};
		5058779C24A72A8C00F5FE47 /* Build configuration list for PBXNativeTarget "TestTests" */ = {
			isa = XCConfigurationList;
			buildConfigurations = (
				5058779D24A72A8C00F5FE47 /* Debug */,
				5058779E24A72A8C00F5FE47 /* Release */,
			);
			defaultConfigurationIsVisible = 0;
			defaultConfigurationName = Release;
		};
		5058779F24A72A8C00F5FE47 /* Build configuration list for PBXNativeTarget "TestUITests" */ = {
			isa = XCConfigurationList;
			buildConfigurations = (
				505877A024A72A8C00F5FE47 /* Debug */,
				505877A124A72A8C00F5FE47 /* Release */,
			);
			defaultConfigurationIsVisible = 0;
			defaultConfigurationName = Release;
		};
/* End XCConfigurationList section */

/* Begin XCVersionGroup section */
		5058777824A72A8B00F5FE47 /* Test.xcdatamodeld */ = {
			isa = XCVersionGroup;
			children = (
				5058777924A72A8B00F5FE47 /* Test.xcdatamodel */,
			);
			currentVersion = 5058777924A72A8B00F5FE47 /* Test.xcdatamodel */;
			path = Test.xcdatamodeld;
			sourceTree = "<group>";
			versionGroupType = wrapper.xcdatamodel;
		};
/* End XCVersionGroup section */
	};
	rootObject = 5058776424A72A8A00F5FE47 /* Project object */;
}
